
Microsoft Visual Studio Solution File, Format Version 10.00
# Visual Studio 2008
Project("{8BC9CEB8-8B4A-11D0-8D11-00A0C91BC942}") = "TestExcel", "TestExcel.vcproj", "{9F0C49EB-88FB-472F-85F1-6E23F2B54E3D}"
EndProject
Global
	GlobalSection(SolutionConfigurationPlatforms) = preSolution
		Debug|Win32 = Debug|Win32
		Release|Win32 = Release|Win32
	EndGlobalSection
	GlobalSection(ProjectConfigurationPlatforms) = postSolution
		{9F0C49EB-88FB-472F-85F1-6E23F2B54E3D}.Debug|Win32.ActiveCfg = Debug|Win32
		{9F0C49EB-88FB-472F-85F1-6E23F2B54E3D}.Debug|Win32.Build.0 = Debug|Win32
		{9F0C49EB-88FB-472F-85F1-6E23F2B54E3D}.Release|Win32.ActiveCfg = Release|Win32
		{9F0C49EB-88FB-472F-85F1-6E23F2B54E3D}.Release|Win32.Build.0 = Release|Win32
	EndGlobalSection
	GlobalSection(SolutionProperties) = preSolution
		HideSolutionNode = FALSE
	EndGlobalSection
EndGlobal
